
Microsoft Visual Studio Solution File, Format Version 12.00
# Visual Studio Version 17
VisualStudioVersion = 17.3.32901.215
MinimumVisualStudioVersion = 10.0.40219.1
Project("{9A19103F-16F7-4668-BE54-9A1E7A4F7556}") = "Day1", "Day1\Day1.csproj", "{828063AE-55F1-47EC-AF9A-23C857017F53}"
EndProject
Project("{9A19103F-16F7-4668-BE54-9A1E7A4F7556}") = "Day2", "Day2\Day2.csproj", "{4506BA17-C109-4B2B-8535-7AD30B45A2D3}"
EndProject
Project("{9A19103F-16F7-4668-BE54-9A1E7A4F7556}") = "Day3", "Day3\Day3.csproj", "{6B0E94E5-65E6-4D4E-B904-FA0CE32CB55F}"
EndProject
Project("{9A19103F-16F7-4668-BE54-9A1E7A4F7556}") = "Day4", "Day4\Day4.csproj", "{DF70C527-9D6A-44E2-8F68-686AF383F7A5}"
EndProject
Project("{9A19103F-16F7-4668-BE54-9A1E7A4F7556}") = "Day5", "Day5\Day5.csproj", "{FFB8C0CA-DB96-4D5F-A34A-FA3BC96E5E7A}"
EndProject
Project("{9A19103F-16F7-4668-BE54-9A1E7A4F7556}") = "AdventUtility", "AdventUtility\AdventUtility.csproj", "{8BA29BF4-31B8-43A5-8918-F8841D71346B}"
EndProject
Project("{9A19103F-16F7-4668-BE54-9A1E7A4F7556}") = "Day6", "Day6\Day6.csproj", "{9684EEB0-78EB-4317-880F-587A3044EA47}"
EndProject
Project("{FAE04EC0-301F-11D3-BF4B-00C04F79EFBC}") = "Day7", "Day7\Day7.csproj", "{FFE1D6C9-069D-4449-8478-E99AF3115844}"
EndProject
Global
	GlobalSection(SolutionConfigurationPlatforms) = preSolution
		Debug|Any CPU = Debug|Any CPU
		Release|Any CPU = Release|Any CPU
	EndGlobalSection
	GlobalSection(ProjectConfigurationPlatforms) = postSolution
		{828063AE-55F1-47EC-AF9A-23C857017F53}.Debug|Any CPU.ActiveCfg = Debug|Any CPU
		{828063AE-55F1-47EC-AF9A-23C857017F53}.Debug|Any CPU.Build.0 = Debug|Any CPU
		{828063AE-55F1-47EC-AF9A-23C857017F53}.Release|Any CPU.ActiveCfg = Release|Any CPU
		{828063AE-55F1-47EC-AF9A-23C857017F53}.Release|Any CPU.Build.0 = Release|Any CPU
		{4506BA17-C109-4B2B-8535-7AD30B45A2D3}.Debug|Any CPU.ActiveCfg = Debug|Any CPU
		{4506BA17-C109-4B2B-8535-7AD30B45A2D3}.Debug|Any CPU.Build.0 = Debug|Any CPU
		{4506BA17-C109-4B2B-8535-7AD30B45A2D3}.Release|Any CPU.ActiveCfg = Release|Any CPU
		{4506BA17-C109-4B2B-8535-7AD30B45A2D3}.Release|Any CPU.Build.0 = Release|Any CPU
		{6B0E94E5-65E6-4D4E-B904-FA0CE32CB55F}.Debug|Any CPU.ActiveCfg = Debug|Any CPU
		{6B0E94E5-65E6-4D4E-B904-FA0CE32CB55F}.Debug|Any CPU.Build.0 = Debug|Any CPU
		{6B0E94E5-65E6-4D4E-B904-FA0CE32CB55F}.Release|Any CPU.ActiveCfg = Release|Any CPU
		{6B0E94E5-65E6-4D4E-B904-FA0CE32CB55F}.Release|Any CPU.Build.0 = Release|Any CPU
		{DF70C527-9D6A-44E2-8F68-686AF383F7A5}.Debug|Any CPU.ActiveCfg = Debug|Any CPU
		{DF70C527-9D6A-44E2-8F68-686AF383F7A5}.Debug|Any CPU.Build.0 = Debug|Any CPU
		{DF70C527-9D6A-44E2-8F68-686AF383F7A5}.Release|Any CPU.ActiveCfg = Release|Any CPU
		{DF70C527-9D6A-44E2-8F68-686AF383F7A5}.Release|Any CPU.Build.0 = Release|Any CPU
		{FFB8C0CA-DB96-4D5F-A34A-FA3BC96E5E7A}.Debug|Any CPU.ActiveCfg = Debug|Any CPU
		{FFB8C0CA-DB96-4D5F-A34A-FA3BC96E5E7A}.Debug|Any CPU.Build.0 = Debug|Any CPU
		{FFB8C0CA-DB96-4D5F-A34A-FA3BC96E5E7A}.Release|Any CPU.ActiveCfg = Release|Any CPU
		{FFB8C0CA-DB96-4D5F-A34A-FA3BC96E5E7A}.Release|Any CPU.Build.0 = Release|Any CPU
		{8BA29BF4-31B8-43A5-8918-F8841D71346B}.Debug|Any CPU.ActiveCfg = Debug|Any CPU
		{8BA29BF4-31B8-43A5-8918-F8841D71346B}.Debug|Any CPU.Build.0 = Debug|Any CPU
		{8BA29BF4-31B8-43A5-8918-F8841D71346B}.Release|Any CPU.ActiveCfg = Release|Any CPU
		{8BA29BF4-31B8-43A5-8918-F8841D71346B}.Release|Any CPU.Build.0 = Release|Any CPU
		{9684EEB0-78EB-4317-880F-587A3044EA47}.Debug|Any CPU.ActiveCfg = Debug|Any CPU
		{9684EEB0-78EB-4317-880F-587A3044EA47}.Debug|Any CPU.Build.0 = Debug|Any CPU
		{9684EEB0-78EB-4317-880F-587A3044EA47}.Release|Any CPU.ActiveCfg = Release|Any CPU
		{9684EEB0-78EB-4317-880F-587A3044EA47}.Release|Any CPU.Build.0 = Release|Any CPU
		{FFE1D6C9-069D-4449-8478-E99AF3115844}.Debug|Any CPU.ActiveCfg = Debug|Any CPU
		{FFE1D6C9-069D-4449-8478-E99AF3115844}.Debug|Any CPU.Build.0 = Debug|Any CPU
		{FFE1D6C9-069D-4449-8478-E99AF3115844}.Release|Any CPU.ActiveCfg = Release|Any CPU
		{FFE1D6C9-069D-4449-8478-E99AF3115844}.Release|Any CPU.Build.0 = Release|Any CPU
	EndGlobalSection
	GlobalSection(SolutionProperties) = preSolution
		HideSolutionNode = FALSE
	EndGlobalSection
	GlobalSection(ExtensibilityGlobals) = postSolution
		SolutionGuid = {5076F4AB-2F4C-4E0A-A2F4-3B3761C2999E}
	EndGlobalSection
EndGlobal
